// !$*UTF8*$!
{
	archiveVersion = 1;
	classes = {
	};
	objectVersion = 55;
	objects = {

/* Begin PBXBuildFile section */
		7808BBB9280F20560020B777 /* lesson1.swift in Sources */ = {isa = PBXBuildFile; fileRef = 7808BBB8280F20560020B777 /* lesson1.swift */; };
		781575CF280F5D7A008CC322 /* lesson3.swift in Sources */ = {isa = PBXBuildFile; fileRef = 781575CE280F5D7A008CC322 /* lesson3.swift */; };
		781575D4280F6ABA008CC322 /* lesson6.swift in Sources */ = {isa = PBXBuildFile; fileRef = 781575D3280F6ABA008CC322 /* lesson6.swift */; };
		78596FB0280F2CB200A7AC78 /* lesson2.swift in Sources */ = {isa = PBXBuildFile; fileRef = 78596FAF280F2CB200A7AC78 /* lesson2.swift */; };
		78F176D4280F0C4400EE4D9A /* main.swift in Sources */ = {isa = PBXBuildFile; fileRef = 78F176D3280F0C4400EE4D9A /* main.swift */; };
/* End PBXBuildFile section */

/* Begin PBXCopyFilesBuildPhase section */
		78F176CE280F0C4400EE4D9A /* CopyFiles */ = {
			isa = PBXCopyFilesBuildPhase;
			buildActionMask = 2147483647;
			dstPath = /usr/share/man/man1/;
			dstSubfolderSpec = 0;
			files = (
			);
			runOnlyForDeploymentPostprocessing = 1;
		};
/* End PBXCopyFilesBuildPhase section */

/* Begin PBXFileReference section */
		7808BBB8280F20560020B777 /* lesson1.swift */ = {isa = PBXFileReference; lastKnownFileType = sourcecode.swift; path = lesson1.swift; sourceTree = "<group>"; };
		781575CE280F5D7A008CC322 /* lesson3.swift */ = {isa = PBXFileReference; lastKnownFileType = sourcecode.swift; path = lesson3.swift; sourceTree = "<group>"; };
		781575D3280F6ABA008CC322 /* lesson6.swift */ = {isa = PBXFileReference; lastKnownFileType = sourcecode.swift; path = lesson6.swift; sourceTree = "<group>"; };
		78596FAF280F2CB200A7AC78 /* lesson2.swift */ = {isa = PBXFileReference; lastKnownFileType = sourcecode.swift; path = lesson2.swift; sourceTree = "<group>"; };
		78F176D0280F0C4400EE4D9A /* GBSwiftHomework */ = {isa = PBXFileReference; explicitFileType = "compiled.mach-o.executable"; includeInIndex = 0; path = GBSwiftHomework; sourceTree = BUILT_PRODUCTS_DIR; };
		78F176D3280F0C4400EE4D9A /* main.swift */ = {isa = PBXFileReference; lastKnownFileType = sourcecode.swift; path = main.swift; sourceTree = "<group>"; };
/* End PBXFileReference section */

/* Begin PBXFrameworksBuildPhase section */
		78F176CD280F0C4400EE4D9A /* Frameworks */ = {
			isa = PBXFrameworksBuildPhase;
			buildActionMask = 2147483647;
			files = (
			);
			runOnlyForDeploymentPostprocessing = 0;
		};
/* End PBXFrameworksBuildPhase section */

/* Begin PBXGroup section */
		7808BBB3280F1F430020B777 /* lesson1 */ = {
			isa = PBXGroup;
			children = (
				7808BBB8280F20560020B777 /* lesson1.swift */,
			);
			path = lesson1;
			sourceTree = "<group>";
		};
		781575D1280F6366008CC322 /* lesson3 */ = {
			isa = PBXGroup;
			children = (
				781575CE280F5D7A008CC322 /* lesson3.swift */,
			);
			path = lesson3;
			sourceTree = "<group>";
		};
		781575D2280F6A93008CC322 /* lesson6 */ = {
			isa = PBXGroup;
			children = (
				781575D3280F6ABA008CC322 /* lesson6.swift */,
			);
			path = lesson6;
			sourceTree = "<group>";
		};
		78596FAE280F2C8200A7AC78 /* lesson2 */ = {
			isa = PBXGroup;
			children = (
				78596FAF280F2CB200A7AC78 /* lesson2.swift */,
			);
			path = lesson2;
			sourceTree = "<group>";
		};
		78F176C7280F0C4400EE4D9A = {
			isa = PBXGroup;
			children = (
				78F176D2280F0C4400EE4D9A /* GBSwiftHomework */,
				78F176D1280F0C4400EE4D9A /* Products */,
			);
			sourceTree = "<group>";
		};
		78F176D1280F0C4400EE4D9A /* Products */ = {
			isa = PBXGroup;
			children = (
				78F176D0280F0C4400EE4D9A /* GBSwiftHomework */,
			);
			name = Products;
			sourceTree = "<group>";
		};
		78F176D2280F0C4400EE4D9A /* GBSwiftHomework */ = {
			isa = PBXGroup;
			children = (
				78F176D3280F0C4400EE4D9A /* main.swift */,
				781575D2280F6A93008CC322 /* lesson6 */,
				781575D1280F6366008CC322 /* lesson3 */,
				78596FAE280F2C8200A7AC78 /* lesson2 */,
				7808BBB3280F1F430020B777 /* lesson1 */,
			);
			path = GBSwiftHomework;
			sourceTree = "<group>";
		};
/* End PBXGroup section */

/* Begin PBXNativeTarget section */
		78F176CF280F0C4400EE4D9A /* GBSwiftHomework */ = {
			isa = PBXNativeTarget;
			buildConfigurationList = 78F176D7280F0C4400EE4D9A /* Build configuration list for PBXNativeTarget "GBSwiftHomework" */;
			buildPhases = (
				78F176CC280F0C4400EE4D9A /* Sources */,
				78F176CD280F0C4400EE4D9A /* Frameworks */,
				78F176CE280F0C4400EE4D9A /* CopyFiles */,
			);
			buildRules = (
			);
			dependencies = (
			);
			name = GBSwiftHomework;
			productName = GBSwiftHomework;
			productReference = 78F176D0280F0C4400EE4D9A /* GBSwiftHomework */;
			productType = "com.apple.product-type.tool";
		};
/* End PBXNativeTarget section */

/* Begin PBXProject section */
		78F176C8280F0C4400EE4D9A /* Project object */ = {
			isa = PBXProject;
			attributes = {
				BuildIndependentTargetsInParallel = 1;
				LastSwiftUpdateCheck = 1330;
				LastUpgradeCheck = 1330;
				TargetAttributes = {
					78F176CF280F0C4400EE4D9A = {
						CreatedOnToolsVersion = 13.3;
					};
				};
			};
			buildConfigurationList = 78F176CB280F0C4400EE4D9A /* Build configuration list for PBXProject "GBSwiftHomework" */;
			compatibilityVersion = "Xcode 13.0";
			developmentRegion = en;
			hasScannedForEncodings = 0;
			knownRegions = (
				en,
				Base,
			);
			mainGroup = 78F176C7280F0C4400EE4D9A;
			productRefGroup = 78F176D1280F0C4400EE4D9A /* Products */;
			projectDirPath = "";
			projectRoot = "";
			targets = (
				78F176CF280F0C4400EE4D9A /* GBSwiftHomework */,
			);
		};
/* End PBXProject section */

/* Begin PBXSourcesBuildPhase section */
		78F176CC280F0C4400EE4D9A /* Sources */ = {
			isa = PBXSourcesBuildPhase;
			buildActionMask = 2147483647;
			files = (
				78F176D4280F0C4400EE4D9A /* main.swift in Sources */,
				7808BBB9280F20560020B777 /* lesson1.swift in Sources */,
				78596FB0280F2CB200A7AC78 /* lesson2.swift in Sources */,
				781575D4280F6ABA008CC322 /* lesson6.swift in Sources */,
				781575CF280F5D7A008CC322 /* lesson3.swift in Sources */,
			);
			runOnlyForDeploymentPostprocessing = 0;
		};
/* End PBXSourcesBuildPhase section */

/* Begin XCBuildConfiguration section */
		78F176D5280F0C4400EE4D9A /* Debug */ = {
			isa = XCBuildConfiguration;
			buildSettings = {
				ALWAYS_SEARCH_USER_PATHS = NO;
				CLANG_ANALYZER_NONNULL = YES;
				CLANG_ANALYZER_NUMBER_OBJECT_CONVERSION = YES_AGGRESSIVE;
				CLANG_CXX_LANGUAGE_STANDARD = "gnu++17";
				CLANG_ENABLE_MODULES = YES;
				CLANG_ENABLE_OBJC_ARC = YES;
				CLANG_ENABLE_OBJC_WEAK = YES;
				CLANG_WARN_BLOCK_CAPTURE_AUTORELEASING = YES;
				CLANG_WARN_BOOL_CONVERSION = YES;
				CLANG_WARN_COMMA = YES;
				CLANG_WARN_CONSTANT_CONVERSION = YES;
				CLANG_WARN_DEPRECATED_OBJC_IMPLEMENTATIONS = YES;
				CLANG_WARN_DIRECT_OBJC_ISA_USAGE = YES_ERROR;
				CLANG_WARN_DOCUMENTATION_COMMENTS = YES;
				CLANG_WARN_EMPTY_BODY = YES;
				CLANG_WARN_ENUM_CONVERSION = YES;
				CLANG_WARN_INFINITE_RECURSION = YES;
				CLANG_WARN_INT_CONVERSION = YES;
				CLANG_WARN_NON_LITERAL_NULL_CONVERSION = YES;
				CLANG_WARN_OBJC_IMPLICIT_RETAIN_SELF = YES;
				CLANG_WARN_OBJC_LITERAL_CONVERSION = YES;
				CLANG_WARN_OBJC_ROOT_CLASS = YES_ERROR;
				CLANG_WARN_QUOTED_INCLUDE_IN_FRAMEWORK_HEADER = YES;
				CLANG_WARN_RANGE_LOOP_ANALYSIS = YES;
				CLANG_WARN_STRICT_PROTOTYPES = YES;
				CLANG_WARN_SUSPICIOUS_MOVE = YES;
				CLANG_WARN_UNGUARDED_AVAILABILITY = YES_AGGRESSIVE;
				CLANG_WARN_UNREACHABLE_CODE = YES;
				CLANG_WARN__DUPLICATE_METHOD_MATCH = YES;
				COPY_PHASE_STRIP = NO;
				DEBUG_INFORMATION_FORMAT = dwarf;
				ENABLE_STRICT_OBJC_MSGSEND = YES;
				ENABLE_TESTABILITY = YES;
				GCC_C_LANGUAGE_STANDARD = gnu11;
				GCC_DYNAMIC_NO_PIC = NO;
				GCC_NO_COMMON_BLOCKS = YES;
				GCC_OPTIMIZATION_LEVEL = 0;
				GCC_PREPROCESSOR_DEFINITIONS = (
					"DEBUG=1",
					"$(inherited)",
				);
				GCC_WARN_64_TO_32_BIT_CONVERSION = YES;
				GCC_WARN_ABOUT_RETURN_TYPE = YES_ERROR;
				GCC_WARN_UNDECLARED_SELECTOR = YES;
				GCC_WARN_UNINITIALIZED_AUTOS = YES_AGGRESSIVE;
				GCC_WARN_UNUSED_FUNCTION = YES;
				GCC_WARN_UNUSED_VARIABLE = YES;
				MACOSX_DEPLOYMENT_TARGET = 12.2;
				MTL_ENABLE_DEBUG_INFO = INCLUDE_SOURCE;
				MTL_FAST_MATH = YES;
				ONLY_ACTIVE_ARCH = YES;
				SDKROOT = macosx;
				SWIFT_ACTIVE_COMPILATION_CONDITIONS = DEBUG;
				SWIFT_OPTIMIZATION_LEVEL = "-Onone";
			};
			name = Debug;
		};
		78F176D6280F0C4400EE4D9A /* Release */ = {
			isa = XCBuildConfiguration;
			buildSettings = {
				ALWAYS_SEARCH_USER_PATHS = NO;
				CLANG_ANALYZER_NONNULL = YES;
				CLANG_ANALYZER_NUMBER_OBJECT_CONVERSION = YES_AGGRESSIVE;
				CLANG_CXX_LANGUAGE_STANDARD = "gnu++17";
				CLANG_ENABLE_MODULES = YES;
				CLANG_ENABLE_OBJC_ARC = YES;
				CLANG_ENABLE_OBJC_WEAK = YES;
				CLANG_WARN_BLOCK_CAPTURE_AUTORELEASING = YES;
				CLANG_WARN_BOOL_CONVERSION = YES;
				CLANG_WARN_COMMA = YES;
				CLANG_WARN_CONSTANT_CONVERSION = YES;
				CLANG_WARN_DEPRECATED_OBJC_IMPLEMENTATIONS = YES;
				CLANG_WARN_DIRECT_OBJC_ISA_USAGE = YES_ERROR;
				CLANG_WARN_DOCUMENTATION_COMMENTS = YES;
				CLANG_WARN_EMPTY_BODY = YES;
				CLANG_WARN_ENUM_CONVERSION = YES;
				CLANG_WARN_INFINITE_RECURSION = YES;
				CLANG_WARN_INT_CONVERSION = YES;
				CLANG_WARN_NON_LITERAL_NULL_CONVERSION = YES;
				CLANG_WARN_OBJC_IMPLICIT_RETAIN_SELF = YES;
				CLANG_WARN_OBJC_LITERAL_CONVERSION = YES;
				CLANG_WARN_OBJC_ROOT_CLASS = YES_ERROR;
				CLANG_WARN_QUOTED_INCLUDE_IN_FRAMEWORK_HEADER = YES;
				CLANG_WARN_RANGE_LOOP_ANALYSIS = YES;
				CLANG_WARN_STRICT_PROTOTYPES = YES;
				CLANG_WARN_SUSPICIOUS_MOVE = YES;
				CLANG_WARN_UNGUARDED_AVAILABILITY = YES_AGGRESSIVE;
				CLANG_WARN_UNREACHABLE_CODE = YES;
				CLANG_WARN__DUPLICATE_METHOD_MATCH = YES;
				COPY_PHASE_STRIP = NO;
				DEBUG_INFORMATION_FORMAT = "dwarf-with-dsym";
				ENABLE_NS_ASSERTIONS = NO;
				ENABLE_STRICT_OBJC_MSGSEND = YES;
				GCC_C_LANGUAGE_STANDARD = gnu11;
				GCC_NO_COMMON_BLOCKS = YES;
				GCC_WARN_64_TO_32_BIT_CONVERSION = YES;
				GCC_WARN_ABOUT_RETURN_TYPE = YES_ERROR;
				GCC_WARN_UNDECLARED_SELECTOR = YES;
				GCC_WARN_UNINITIALIZED_AUTOS = YES_AGGRESSIVE;
				GCC_WARN_UNUSED_FUNCTION = YES;
				GCC_WARN_UNUSED_VARIABLE = YES;
				MACOSX_DEPLOYMENT_TARGET = 12.2;
				MTL_ENABLE_DEBUG_INFO = NO;
				MTL_FAST_MATH = YES;
				SDKROOT = macosx;
				SWIFT_COMPILATION_MODE = wholemodule;
				SWIFT_OPTIMIZATION_LEVEL = "-O";
			};
			name = Release;
		};
		78F176D8280F0C4400EE4D9A /* Debug */ = {
			isa = XCBuildConfiguration;
			buildSettings = {
				CODE_SIGN_STYLE = Automatic;
				DEVELOPMENT_TEAM = PSV7G37WSN;
				ENABLE_HARDENED_RUNTIME = YES;
				PRODUCT_NAME = "$(TARGET_NAME)";
				SWIFT_VERSION = 5.0;
			};
			name = Debug;
		};
		78F176D9280F0C4400EE4D9A /* Release */ = {
			isa = XCBuildConfiguration;
			buildSettings = {
				CODE_SIGN_STYLE = Automatic;
				DEVELOPMENT_TEAM = PSV7G37WSN;
				ENABLE_HARDENED_RUNTIME = YES;
				PRODUCT_NAME = "$(TARGET_NAME)";
				SWIFT_VERSION = 5.0;
			};
			name = Release;
		};
/* End XCBuildConfiguration section */

/* Begin XCConfigurationList section */
		78F176CB280F0C4400EE4D9A /* Build configuration list for PBXProject "GBSwiftHomework" */ = {
			isa = XCConfigurationList;
			buildConfigurations = (
				78F176D5280F0C4400EE4D9A /* Debug */,
				78F176D6280F0C4400EE4D9A /* Release */,
			);
			defaultConfigurationIsVisible = 0;
			defaultConfigurationName = Release;
		};
		78F176D7280F0C4400EE4D9A /* Build configuration list for PBXNativeTarget "GBSwiftHomework" */ = {
			isa = XCConfigurationList;
			buildConfigurations = (
				78F176D8280F0C4400EE4D9A /* Debug */,
				78F176D9280F0C4400EE4D9A /* Release */,
			);
			defaultConfigurationIsVisible = 0;
			defaultConfigurationName = Release;
		};
/* End XCConfigurationList section */
	};
	rootObject = 78F176C8280F0C4400EE4D9A /* Project object */;
}
